// !$*UTF8*$!
{
	archiveVersion = 1;
	classes = {
	};
	objectVersion = 50;
	objects = {

/* Begin PBXBuildFile section */
		E132624026B3A28F006AA141 /* API_CallingApp.swift in Sources */ = {isa = PBXBuildFile; fileRef = E132623F26B3A28F006AA141 /* API_CallingApp.swift */; };
		E132624226B3A28F006AA141 /* ContentView.swift in Sources */ = {isa = PBXBuildFile; fileRef = E132624126B3A28F006AA141 /* ContentView.swift */; };
		E132624426B3A294006AA141 /* Assets.xcassets in Resources */ = {isa = PBXBuildFile; fileRef = E132624326B3A294006AA141 /* Assets.xcassets */; };
		E132624726B3A294006AA141 /* Preview Assets.xcassets in Resources */ = {isa = PBXBuildFile; fileRef = E132624626B3A294006AA141 /* Preview Assets.xcassets */; };
		E132625226B3A294006AA141 /* API_CallingTests.swift in Sources */ = {isa = PBXBuildFile; fileRef = E132625126B3A294006AA141 /* API_CallingTests.swift */; };
		E132625D26B3A294006AA141 /* API_CallingUITests.swift in Sources */ = {isa = PBXBuildFile; fileRef = E132625C26B3A294006AA141 /* API_CallingUITests.swift */; };
		E132626C26B3A89B006AA141 /* SwiftyJSON.swift in Sources */ = {isa = PBXBuildFile; fileRef = E132626B26B3A89B006AA141 /* SwiftyJSON.swift */; };
/* End PBXBuildFile section */

/* Begin PBXContainerItemProxy section */
		E132624E26B3A294006AA141 /* PBXContainerItemProxy */ = {
			isa = PBXContainerItemProxy;
			containerPortal = E132623426B3A28F006AA141 /* Project object */;
			proxyType = 1;
			remoteGlobalIDString = E132623B26B3A28F006AA141;
			remoteInfo = "API Calling";
		};
		E132625926B3A294006AA141 /* PBXContainerItemProxy */ = {
			isa = PBXContainerItemProxy;
			containerPortal = E132623426B3A28F006AA141 /* Project object */;
			proxyType = 1;
			remoteGlobalIDString = E132623B26B3A28F006AA141;
			remoteInfo = "API Calling";
		};
/* End PBXContainerItemProxy section */

/* Begin PBXFileReference section */
		E132623C26B3A28F006AA141 /* API Calling.app */ = {isa = PBXFileReference; explicitFileType = wrapper.application; includeInIndex = 0; path = "API Calling.app"; sourceTree = BUILT_PRODUCTS_DIR; };
		E132623F26B3A28F006AA141 /* API_CallingApp.swift */ = {isa = PBXFileReference; lastKnownFileType = sourcecode.swift; path = API_CallingApp.swift; sourceTree = "<group>"; };
		E132624126B3A28F006AA141 /* ContentView.swift */ = {isa = PBXFileReference; lastKnownFileType = sourcecode.swift; path = ContentView.swift; sourceTree = "<group>"; };
		E132624326B3A294006AA141 /* Assets.xcassets */ = {isa = PBXFileReference; lastKnownFileType = folder.assetcatalog; path = Assets.xcassets; sourceTree = "<group>"; };
		E132624626B3A294006AA141 /* Preview Assets.xcassets */ = {isa = PBXFileReference; lastKnownFileType = folder.assetcatalog; path = "Preview Assets.xcassets"; sourceTree = "<group>"; };
		E132624826B3A294006AA141 /* Info.plist */ = {isa = PBXFileReference; lastKnownFileType = text.plist.xml; path = Info.plist; sourceTree = "<group>"; };
		E132624D26B3A294006AA141 /* API CallingTests.xctest */ = {isa = PBXFileReference; explicitFileType = wrapper.cfbundle; includeInIndex = 0; path = "API CallingTests.xctest"; sourceTree = BUILT_PRODUCTS_DIR; };
		E132625126B3A294006AA141 /* API_CallingTests.swift */ = {isa = PBXFileReference; lastKnownFileType = sourcecode.swift; path = API_CallingTests.swift; sourceTree = "<group>"; };
		E132625326B3A294006AA141 /* Info.plist */ = {isa = PBXFileReference; lastKnownFileType = text.plist.xml; path = Info.plist; sourceTree = "<group>"; };
		E132625826B3A294006AA141 /* API CallingUITests.xctest */ = {isa = PBXFileReference; explicitFileType = wrapper.cfbundle; includeInIndex = 0; path = "API CallingUITests.xctest"; sourceTree = BUILT_PRODUCTS_DIR; };
		E132625C26B3A294006AA141 /* API_CallingUITests.swift */ = {isa = PBXFileReference; lastKnownFileType = sourcecode.swift; path = API_CallingUITests.swift; sourceTree = "<group>"; };
		E132625E26B3A294006AA141 /* Info.plist */ = {isa = PBXFileReference; lastKnownFileType = text.plist.xml; path = Info.plist; sourceTree = "<group>"; };
		E132626B26B3A89B006AA141 /* SwiftyJSON.swift */ = {isa = PBXFileReference; fileEncoding = 4; lastKnownFileType = sourcecode.swift; path = SwiftyJSON.swift; sourceTree = "<group>"; };
/* End PBXFileReference section */

/* Begin PBXFrameworksBuildPhase section */
		E132623926B3A28F006AA141 /* Frameworks */ = {
			isa = PBXFrameworksBuildPhase;
			buildActionMask = 2147483647;
			files = (
			);
			runOnlyForDeploymentPostprocessing = 0;
		};
		E132624A26B3A294006AA141 /* Frameworks */ = {
			isa = PBXFrameworksBuildPhase;
			buildActionMask = 2147483647;
			files = (
			);
			runOnlyForDeploymentPostprocessing = 0;
		};
		E132625526B3A294006AA141 /* Frameworks */ = {
			isa = PBXFrameworksBuildPhase;
			buildActionMask = 2147483647;
			files = (
			);
			runOnlyForDeploymentPostprocessing = 0;
		};
/* End PBXFrameworksBuildPhase section */

/* Begin PBXGroup section */
		E132623326B3A28F006AA141 = {
			isa = PBXGroup;
			children = (
				E132623E26B3A28F006AA141 /* API Calling */,
				E132625026B3A294006AA141 /* API CallingTests */,
				E132625B26B3A294006AA141 /* API CallingUITests */,
				E132623D26B3A28F006AA141 /* Products */,
			);
			sourceTree = "<group>";
		};
		E132623D26B3A28F006AA141 /* Products */ = {
			isa = PBXGroup;
			children = (
				E132623C26B3A28F006AA141 /* API Calling.app */,
				E132624D26B3A294006AA141 /* API CallingTests.xctest */,
				E132625826B3A294006AA141 /* API CallingUITests.xctest */,
			);
			name = Products;
			sourceTree = "<group>";
		};
		E132623E26B3A28F006AA141 /* API Calling */ = {
			isa = PBXGroup;
			children = (
				E132623F26B3A28F006AA141 /* API_CallingApp.swift */,
				E132624126B3A28F006AA141 /* ContentView.swift */,
				E132626B26B3A89B006AA141 /* SwiftyJSON.swift */,
				E132624326B3A294006AA141 /* Assets.xcassets */,
				E132624826B3A294006AA141 /* Info.plist */,
				E132624526B3A294006AA141 /* Preview Content */,
			);
			path = "API Calling";
			sourceTree = "<group>";
		};
		E132624526B3A294006AA141 /* Preview Content */ = {
			isa = PBXGroup;
			children = (
				E132624626B3A294006AA141 /* Preview Assets.xcassets */,
			);
			path = "Preview Content";
			sourceTree = "<group>";
		};
		E132625026B3A294006AA141 /* API CallingTests */ = {
			isa = PBXGroup;
			children = (
				E132625126B3A294006AA141 /* API_CallingTests.swift */,
				E132625326B3A294006AA141 /* Info.plist */,
			);
			path = "API CallingTests";
			sourceTree = "<group>";
		};
		E132625B26B3A294006AA141 /* API CallingUITests */ = {
			isa = PBXGroup;
			children = (
				E132625C26B3A294006AA141 /* API_CallingUITests.swift */,
				E132625E26B3A294006AA141 /* Info.plist */,
			);
			path = "API CallingUITests";
			sourceTree = "<group>";
		};
/* End PBXGroup section */

/* Begin PBXNativeTarget section */
		E132623B26B3A28F006AA141 /* API Calling */ = {
			isa = PBXNativeTarget;
			buildConfigurationList = E132626126B3A294006AA141 /* Build configuration list for PBXNativeTarget "API Calling" */;
			buildPhases = (
				E132623826B3A28F006AA141 /* Sources */,
				E132623926B3A28F006AA141 /* Frameworks */,
				E132623A26B3A28F006AA141 /* Resources */,
			);
			buildRules = (
			);
			dependencies = (
			);
			name = "API Calling";
			productName = "API Calling";
			productReference = E132623C26B3A28F006AA141 /* API Calling.app */;
			productType = "com.apple.product-type.application";
		};
		E132624C26B3A294006AA141 /* API CallingTests */ = {
			isa = PBXNativeTarget;
			buildConfigurationList = E132626426B3A294006AA141 /* Build configuration list for PBXNativeTarget "API CallingTests" */;
			buildPhases = (
				E132624926B3A294006AA141 /* Sources */,
				E132624A26B3A294006AA141 /* Frameworks */,
				E132624B26B3A294006AA141 /* Resources */,
			);
			buildRules = (
			);
			dependencies = (
				E132624F26B3A294006AA141 /* PBXTargetDependency */,
			);
			name = "API CallingTests";
			productName = "API CallingTests";
			productReference = E132624D26B3A294006AA141 /* API CallingTests.xctest */;
			productType = "com.apple.product-type.bundle.unit-test";
		};
		E132625726B3A294006AA141 /* API CallingUITests */ = {
			isa = PBXNativeTarget;
			buildConfigurationList = E132626726B3A294006AA141 /* Build configuration list for PBXNativeTarget "API CallingUITests" */;
			buildPhases = (
				E132625426B3A294006AA141 /* Sources */,
				E132625526B3A294006AA141 /* Frameworks */,
				E132625626B3A294006AA141 /* Resources */,
			);
			buildRules = (
			);
			dependencies = (
				E132625A26B3A294006AA141 /* PBXTargetDependency */,
			);
			name = "API CallingUITests";
			productName = "API CallingUITests";
			productReference = E132625826B3A294006AA141 /* API CallingUITests.xctest */;
			productType = "com.apple.product-type.bundle.ui-testing";
		};
/* End PBXNativeTarget section */

/* Begin PBXProject section */
		E132623426B3A28F006AA141 /* Project object */ = {
			isa = PBXProject;
			attributes = {
				LastSwiftUpdateCheck = 1250;
				LastUpgradeCheck = 1250;
				TargetAttributes = {
					E132623B26B3A28F006AA141 = {
						CreatedOnToolsVersion = 12.5.1;
					};
					E132624C26B3A294006AA141 = {
						CreatedOnToolsVersion = 12.5.1;
						TestTargetID = E132623B26B3A28F006AA141;
					};
					E132625726B3A294006AA141 = {
						CreatedOnToolsVersion = 12.5.1;
						TestTargetID = E132623B26B3A28F006AA141;
					};
				};
			};
			buildConfigurationList = E132623726B3A28F006AA141 /* Build configuration list for PBXProject "API Calling" */;
			compatibilityVersion = "Xcode 9.3";
			developmentRegion = en;
			hasScannedForEncodings = 0;
			knownRegions = (
				en,
				Base,
			);
			mainGroup = E132623326B3A28F006AA141;
			productRefGroup = E132623D26B3A28F006AA141 /* Products */;
			projectDirPath = "";
			projectRoot = "";
			targets = (
				E132623B26B3A28F006AA141 /* API Calling */,
				E132624C26B3A294006AA141 /* API CallingTests */,
				E132625726B3A294006AA141 /* API CallingUITests */,
			);
		};
/* End PBXProject section */

/* Begin PBXResourcesBuildPhase section */
		E132623A26B3A28F006AA141 /* Resources */ = {
			isa = PBXResourcesBuildPhase;
			buildActionMask = 2147483647;
			files = (
				E132624726B3A294006AA141 /* Preview Assets.xcassets in Resources */,
				E132624426B3A294006AA141 /* Assets.xcassets in Resources */,
			);
			runOnlyForDeploymentPostprocessing = 0;
		};
		E132624B26B3A294006AA141 /* Resources */ = {
			isa = PBXResourcesBuildPhase;
			buildActionMask = 2147483647;
			files = (
			);
			runOnlyForDeploymentPostprocessing = 0;
		};
		E132625626B3A294006AA141 /* Resources */ = {
			isa = PBXResourcesBuildPhase;
			buildActionMask = 2147483647;
			files = (
			);
			runOnlyForDeploymentPostprocessing = 0;
		};
/* End PBXResourcesBuildPhase section */

/* Begin PBXSourcesBuildPhase section */
		E132623826B3A28F006AA141 /* Sources */ = {
			isa = PBXSourcesBuildPhase;
			buildActionMask = 2147483647;
			files = (
				E132626C26B3A89B006AA141 /* SwiftyJSON.swift in Sources */,
				E132624226B3A28F006AA141 /* ContentView.swift in Sources */,
				E132624026B3A28F006AA141 /* API_CallingApp.swift in Sources */,
			);
			runOnlyForDeploymentPostprocessing = 0;
		};
		E132624926B3A294006AA141 /* Sources */ = {
			isa = PBXSourcesBuildPhase;
			buildActionMask = 2147483647;
			files = (
				E132625226B3A294006AA141 /* API_CallingTests.swift in Sources */,
			);
			runOnlyForDeploymentPostprocessing = 0;
		};
		E132625426B3A294006AA141 /* Sources */ = {
			isa = PBXSourcesBuildPhase;
			buildActionMask = 2147483647;
			files = (
				E132625D26B3A294006AA141 /* API_CallingUITests.swift in Sources */,
			);
			runOnlyForDeploymentPostprocessing = 0;
		};
/* End PBXSourcesBuildPhase section */

/* Begin PBXTargetDependency section */
		E132624F26B3A294006AA141 /* PBXTargetDependency */ = {
			isa = PBXTargetDependency;
			target = E132623B26B3A28F006AA141 /* API Calling */;
			targetProxy = E132624E26B3A294006AA141 /* PBXContainerItemProxy */;
		};
		E132625A26B3A294006AA141 /* PBXTargetDependency */ = {
			isa = PBXTargetDependency;
			target = E132623B26B3A28F006AA141 /* API Calling */;
			targetProxy = E132625926B3A294006AA141 /* PBXContainerItemProxy */;
		};
/* End PBXTargetDependency section */

/* Begin XCBuildConfiguration section */
		E132625F26B3A294006AA141 /* Debug */ = {
			isa = XCBuildConfiguration;
			buildSettings = {
				ALWAYS_SEARCH_USER_PATHS = NO;
				CLANG_ANALYZER_NONNULL = YES;
				CLANG_ANALYZER_NUMBER_OBJECT_CONVERSION = YES_AGGRESSIVE;
				CLANG_CXX_LANGUAGE_STANDARD = "gnu++14";
				CLANG_CXX_LIBRARY = "libc++";
				CLANG_ENABLE_MODULES = YES;
				CLANG_ENABLE_OBJC_ARC = YES;
				CLANG_ENABLE_OBJC_WEAK = YES;
				CLANG_WARN_BLOCK_CAPTURE_AUTORELEASING = YES;
				CLANG_WARN_BOOL_CONVERSION = YES;
				CLANG_WARN_COMMA = YES;
				CLANG_WARN_CONSTANT_CONVERSION = YES;
				CLANG_WARN_DEPRECATED_OBJC_IMPLEMENTATIONS = YES;
				CLANG_WARN_DIRECT_OBJC_ISA_USAGE = YES_ERROR;
				CLANG_WARN_DOCUMENTATION_COMMENTS = YES;
				CLANG_WARN_EMPTY_BODY = YES;
				CLANG_WARN_ENUM_CONVERSION = YES;
				CLANG_WARN_INFINITE_RECURSION = YES;
				CLANG_WARN_INT_CONVERSION = YES;
				CLANG_WARN_NON_LITERAL_NULL_CONVERSION = YES;
				CLANG_WARN_OBJC_IMPLICIT_RETAIN_SELF = YES;
				CLANG_WARN_OBJC_LITERAL_CONVERSION = YES;
				CLANG_WARN_OBJC_ROOT_CLASS = YES_ERROR;
				CLANG_WARN_QUOTED_INCLUDE_IN_FRAMEWORK_HEADER = YES;
				CLANG_WARN_RANGE_LOOP_ANALYSIS = YES;
				CLANG_WARN_STRICT_PROTOTYPES = YES;
				CLANG_WARN_SUSPICIOUS_MOVE = YES;
				CLANG_WARN_UNGUARDED_AVAILABILITY = YES_AGGRESSIVE;
				CLANG_WARN_UNREACHABLE_CODE = YES;
				CLANG_WARN__DUPLICATE_METHOD_MATCH = YES;
				COPY_PHASE_STRIP = NO;
				DEBUG_INFORMATION_FORMAT = dwarf;
				ENABLE_STRICT_OBJC_MSGSEND = YES;
				ENABLE_TESTABILITY = YES;
				GCC_C_LANGUAGE_STANDARD = gnu11;
				GCC_DYNAMIC_NO_PIC = NO;
				GCC_NO_COMMON_BLOCKS = YES;
				GCC_OPTIMIZATION_LEVEL = 0;
				GCC_PREPROCESSOR_DEFINITIONS = (
					"DEBUG=1",
					"$(inherited)",
				);
				GCC_WARN_64_TO_32_BIT_CONVERSION = YES;
				GCC_WARN_ABOUT_RETURN_TYPE = YES_ERROR;
				GCC_WARN_UNDECLARED_SELECTOR = YES;
				GCC_WARN_UNINITIALIZED_AUTOS = YES_AGGRESSIVE;
				GCC_WARN_UNUSED_FUNCTION = YES;
				GCC_WARN_UNUSED_VARIABLE = YES;
				IPHONEOS_DEPLOYMENT_TARGET = 14.5;
				MTL_ENABLE_DEBUG_INFO = INCLUDE_SOURCE;
				MTL_FAST_MATH = YES;
				ONLY_ACTIVE_ARCH = YES;
				SDKROOT = iphoneos;
				SWIFT_ACTIVE_COMPILATION_CONDITIONS = DEBUG;
				SWIFT_OPTIMIZATION_LEVEL = "-Onone";
			};
			name = Debug;
		};
		E132626026B3A294006AA141 /* Release */ = {
			isa = XCBuildConfiguration;
			buildSettings = {
				ALWAYS_SEARCH_USER_PATHS = NO;
				CLANG_ANALYZER_NONNULL = YES;
				CLANG_ANALYZER_NUMBER_OBJECT_CONVERSION = YES_AGGRESSIVE;
				CLANG_CXX_LANGUAGE_STANDARD = "gnu++14";
				CLANG_CXX_LIBRARY = "libc++";
				CLANG_ENABLE_MODULES = YES;
				CLANG_ENABLE_OBJC_ARC = YES;
				CLANG_ENABLE_OBJC_WEAK = YES;
				CLANG_WARN_BLOCK_CAPTURE_AUTORELEASING = YES;
				CLANG_WARN_BOOL_CONVERSION = YES;
				CLANG_WARN_COMMA = YES;
				CLANG_WARN_CONSTANT_CONVERSION = YES;
				CLANG_WARN_DEPRECATED_OBJC_IMPLEMENTATIONS = YES;
				CLANG_WARN_DIRECT_OBJC_ISA_USAGE = YES_ERROR;
				CLANG_WARN_DOCUMENTATION_COMMENTS = YES;
				CLANG_WARN_EMPTY_BODY = YES;
				CLANG_WARN_ENUM_CONVERSION = YES;
				CLANG_WARN_INFINITE_RECURSION = YES;
				CLANG_WARN_INT_CONVERSION = YES;
				CLANG_WARN_NON_LITERAL_NULL_CONVERSION = YES;
				CLANG_WARN_OBJC_IMPLICIT_RETAIN_SELF = YES;
				CLANG_WARN_OBJC_LITERAL_CONVERSION = YES;
				CLANG_WARN_OBJC_ROOT_CLASS = YES_ERROR;
				CLANG_WARN_QUOTED_INCLUDE_IN_FRAMEWORK_HEADER = YES;
				CLANG_WARN_RANGE_LOOP_ANALYSIS = YES;
				CLANG_WARN_STRICT_PROTOTYPES = YES;
				CLANG_WARN_SUSPICIOUS_MOVE = YES;
				CLANG_WARN_UNGUARDED_AVAILABILITY = YES_AGGRESSIVE;
				CLANG_WARN_UNREACHABLE_CODE = YES;
				CLANG_WARN__DUPLICATE_METHOD_MATCH = YES;
				COPY_PHASE_STRIP = NO;
				DEBUG_INFORMATION_FORMAT = "dwarf-with-dsym";
				ENABLE_NS_ASSERTIONS = NO;
				ENABLE_STRICT_OBJC_MSGSEND = YES;
				GCC_C_LANGUAGE_STANDARD = gnu11;
				GCC_NO_COMMON_BLOCKS = YES;
				GCC_WARN_64_TO_32_BIT_CONVERSION = YES;
				GCC_WARN_ABOUT_RETURN_TYPE = YES_ERROR;
				GCC_WARN_UNDECLARED_SELECTOR = YES;
				GCC_WARN_UNINITIALIZED_AUTOS = YES_AGGRESSIVE;
				GCC_WARN_UNUSED_FUNCTION = YES;
				GCC_WARN_UNUSED_VARIABLE = YES;
				IPHONEOS_DEPLOYMENT_TARGET = 14.5;
				MTL_ENABLE_DEBUG_INFO = NO;
				MTL_FAST_MATH = YES;
				SDKROOT = iphoneos;
				SWIFT_COMPILATION_MODE = wholemodule;
				SWIFT_OPTIMIZATION_LEVEL = "-O";
				VALIDATE_PRODUCT = YES;
			};
			name = Release;
		};
		E132626226B3A294006AA141 /* Debug */ = {
			isa = XCBuildConfiguration;
			buildSettings = {
				ASSETCATALOG_COMPILER_APPICON_NAME = AppIcon;
				ASSETCATALOG_COMPILER_GLOBAL_ACCENT_COLOR_NAME = AccentColor;
				CODE_SIGN_STYLE = Automatic;
				DEVELOPMENT_ASSET_PATHS = "\"API Calling/Preview Content\"";
				DEVELOPMENT_TEAM = Z794TZT6DN;
				ENABLE_PREVIEWS = YES;
				INFOPLIST_FILE = "API Calling/Info.plist";
				IPHONEOS_DEPLOYMENT_TARGET = 14.0;
				LD_RUNPATH_SEARCH_PATHS = (
					"$(inherited)",
					"@executable_path/Frameworks",
				);
				PRODUCT_BUNDLE_IDENTIFIER = "com.Henry-Majewski.API-Calling";
				PRODUCT_NAME = "$(TARGET_NAME)";
				SWIFT_VERSION = 5.0;
				TARGETED_DEVICE_FAMILY = "1,2";
			};
			name = Debug;
		};
		E132626326B3A294006AA141 /* Release */ = {
			isa = XCBuildConfiguration;
			buildSettings = {
				ASSETCATALOG_COMPILER_APPICON_NAME = AppIcon;
				ASSETCATALOG_COMPILER_GLOBAL_ACCENT_COLOR_NAME = AccentColor;
				CODE_SIGN_STYLE = Automatic;
				DEVELOPMENT_ASSET_PATHS = "\"API Calling/Preview Content\"";
				DEVELOPMENT_TEAM = Z794TZT6DN;
				ENABLE_PREVIEWS = YES;
				INFOPLIST_FILE = "API Calling/Info.plist";
				IPHONEOS_DEPLOYMENT_TARGET = 14.0;
				LD_RUNPATH_SEARCH_PATHS = (
					"$(inherited)",
					"@executable_path/Frameworks",
				);
				PRODUCT_BUNDLE_IDENTIFIER = "com.Henry-Majewski.API-Calling";
				PRODUCT_NAME = "$(TARGET_NAME)";
				SWIFT_VERSION = 5.0;
				TARGETED_DEVICE_FAMILY = "1,2";
			};
			name = Release;
		};
		E132626526B3A294006AA141 /* Debug */ = {
			isa = XCBuildConfiguration;
			buildSettings = {
				ALWAYS_EMBED_SWIFT_STANDARD_LIBRARIES = YES;
				BUNDLE_LOADER = "$(TEST_HOST)";
				CODE_SIGN_STYLE = Automatic;
				DEVELOPMENT_TEAM = Z794TZT6DN;
				INFOPLIST_FILE = "API CallingTests/Info.plist";
				IPHONEOS_DEPLOYMENT_TARGET = 14.0;
				LD_RUNPATH_SEARCH_PATHS = (
					"$(inherited)",
					"@executable_path/Frameworks",
					"@loader_path/Frameworks",
				);
				PRODUCT_BUNDLE_IDENTIFIER = "com.Henry-Majewski.API-CallingTests";
				PRODUCT_NAME = "$(TARGET_NAME)";
				SWIFT_VERSION = 5.0;
				TARGETED_DEVICE_FAMILY = "1,2";
				TEST_HOST = "$(BUILT_PRODUCTS_DIR)/API Calling.app/API Calling";
			};
			name = Debug;
		};
		E132626626B3A294006AA141 /* Release */ = {
			isa = XCBuildConfiguration;
			buildSettings = {
				ALWAYS_EMBED_SWIFT_STANDARD_LIBRARIES = YES;
				BUNDLE_LOADER = "$(TEST_HOST)";
				CODE_SIGN_STYLE = Automatic;
				DEVELOPMENT_TEAM = Z794TZT6DN;
				INFOPLIST_FILE = "API CallingTests/Info.plist";
				IPHONEOS_DEPLOYMENT_TARGET = 14.0;
				LD_RUNPATH_SEARCH_PATHS = (
					"$(inherited)",
					"@executable_path/Frameworks",
					"@loader_path/Frameworks",
				);
				PRODUCT_BUNDLE_IDENTIFIER = "com.Henry-Majewski.API-CallingTests";
				PRODUCT_NAME = "$(TARGET_NAME)";
				SWIFT_VERSION = 5.0;
				TARGETED_DEVICE_FAMILY = "1,2";
				TEST_HOST = "$(BUILT_PRODUCTS_DIR)/API Calling.app/API Calling";
			};
			name = Release;
		};
		E132626826B3A294006AA141 /* Debug */ = {
			isa = XCBuildConfiguration;
			buildSettings = {
				ALWAYS_EMBED_SWIFT_STANDARD_LIBRARIES = YES;
				CODE_SIGN_STYLE = Automatic;
				DEVELOPMENT_TEAM = Z794TZT6DN;
				INFOPLIST_FILE = "API CallingUITests/Info.plist";
				LD_RUNPATH_SEARCH_PATHS = (
					"$(inherited)",
					"@executable_path/Frameworks",
					"@loader_path/Frameworks",
				);
				PRODUCT_BUNDLE_IDENTIFIER = "com.Henry-Majewski.API-CallingUITests";
				PRODUCT_NAME = "$(TARGET_NAME)";
				SWIFT_VERSION = 5.0;
				TARGETED_DEVICE_FAMILY = "1,2";
				TEST_TARGET_NAME = "API Calling";
			};
			name = Debug;
		};
		E132626926B3A294006AA141 /* Release */ = {
			isa = XCBuildConfiguration;
			buildSettings = {
				ALWAYS_EMBED_SWIFT_STANDARD_LIBRARIES = YES;
				CODE_SIGN_STYLE = Automatic;
				DEVELOPMENT_TEAM = Z794TZT6DN;
				INFOPLIST_FILE = "API CallingUITests/Info.plist";
				LD_RUNPATH_SEARCH_PATHS = (
					"$(inherited)",
					"@executable_path/Frameworks",
					"@loader_path/Frameworks",
				);
				PRODUCT_BUNDLE_IDENTIFIER = "com.Henry-Majewski.API-CallingUITests";
				PRODUCT_NAME = "$(TARGET_NAME)";
				SWIFT_VERSION = 5.0;
				TARGETED_DEVICE_FAMILY = "1,2";
				TEST_TARGET_NAME = "API Calling";
			};
			name = Release;
		};
/* End XCBuildConfiguration section */

/* Begin XCConfigurationList section */
		E132623726B3A28F006AA141 /* Build configuration list for PBXProject "API Calling" */ = {
			isa = XCConfigurationList;
			buildConfigurations = (
				E132625F26B3A294006AA141 /* Debug */,
				E132626026B3A294006AA141 /* Release */,
			);
			defaultConfigurationIsVisible = 0;
			defaultConfigurationName = Release;
		};
		E132626126B3A294006AA141 /* Build configuration list for PBXNativeTarget "API Calling" */ = {
			isa = XCConfigurationList;
			buildConfigurations = (
				E132626226B3A294006AA141 /* Debug */,
				E132626326B3A294006AA141 /* Release */,
			);
			defaultConfigurationIsVisible = 0;
			defaultConfigurationName = Release;
		};
		E132626426B3A294006AA141 /* Build configuration list for PBXNativeTarget "API CallingTests" */ = {
			isa = XCConfigurationList;
			buildConfigurations = (
				E132626526B3A294006AA141 /* Debug */,
				E132626626B3A294006AA141 /* Release */,
			);
			defaultConfigurationIsVisible = 0;
			defaultConfigurationName = Release;
		};
		E132626726B3A294006AA141 /* Build configuration list for PBXNativeTarget "API CallingUITests" */ = {
			isa = XCConfigurationList;
			buildConfigurations = (
				E132626826B3A294006AA141 /* Debug */,
				E132626926B3A294006AA141 /* Release */,
			);
			defaultConfigurationIsVisible = 0;
			defaultConfigurationName = Release;
		};
/* End XCConfigurationList section */
	};
	rootObject = E132623426B3A28F006AA141 /* Project object */;
}
